
Microsoft Visual Studio Solution File, Format Version 12.00
# Visual Studio Version 17
VisualStudioVersion = 17.3.32929.385
MinimumVisualStudioVersion = 10.0.40219.1
Project("{FAE04EC0-301F-11D3-BF4B-00C04F79EFBC}") = "StrategyPattern", "StrategyPattern.csproj", "{FA0E14EA-D46C-41F1-BEA8-CB64434495C7}"
EndProject
Project("{FAE04EC0-301F-11D3-BF4B-00C04F79EFBC}") = "Tests", "Tests\Tests.csproj", "{05FE1862-8706-4E4F-AF93-3B051C7F2FE5}"
EndProject
Global
	GlobalSection(SolutionConfigurationPlatforms) = preSolution
		Debug|Any CPU = Debug|Any CPU
		Release|Any CPU = Release|Any CPU
	EndGlobalSection
	GlobalSection(ProjectConfigurationPlatforms) = postSolution
		{FA0E14EA-D46C-41F1-BEA8-CB64434495C7}.Debug|Any CPU.ActiveCfg = Debug|Any CPU
		{FA0E14EA-D46C-41F1-BEA8-CB64434495C7}.Debug|Any CPU.Build.0 = Debug|Any CPU
		{FA0E14EA-D46C-41F1-BEA8-CB64434495C7}.Release|Any CPU.ActiveCfg = Release|Any CPU
		{FA0E14EA-D46C-41F1-BEA8-CB64434495C7}.Release|Any CPU.Build.0 = Release|Any CPU
		{05FE1862-8706-4E4F-AF93-3B051C7F2FE5}.Debug|Any CPU.ActiveCfg = Debug|Any CPU
		{05FE1862-8706-4E4F-AF93-3B051C7F2FE5}.Debug|Any CPU.Build.0 = Debug|Any CPU
		{05FE1862-8706-4E4F-AF93-3B051C7F2FE5}.Release|Any CPU.ActiveCfg = Release|Any CPU
		{05FE1862-8706-4E4F-AF93-3B051C7F2FE5}.Release|Any CPU.Build.0 = Release|Any CPU
	EndGlobalSection
	GlobalSection(SolutionProperties) = preSolution
		HideSolutionNode = FALSE
	EndGlobalSection
	GlobalSection(ExtensibilityGlobals) = postSolution
		SolutionGuid = {0688249F-4C1B-49C0-BA36-78735D1FECF5}
	EndGlobalSection
EndGlobal
